
Microsoft Visual Studio Solution File, Format Version 12.00
# Visual Studio Version 17
VisualStudioVersion = 17.8.34525.116
MinimumVisualStudioVersion = 10.0.40219.1
Project("{2150E333-8FDC-42A3-9474-1A3956D46DE8}") = "Users", "Users", "{AC34FE95-55C4-477B-8359-8A69FB4F3CD4}"
EndProject
Project("{9A19103F-16F7-4668-BE54-9A1E7A4F7556}") = "Marketplace.Users.Api", "Users\Marketplace.Users.Api\Marketplace.Users.Api.csproj", "{EA3DF4EA-FFF2-4B77-A672-07CB95C270A2}"
EndProject
Project("{9A19103F-16F7-4668-BE54-9A1E7A4F7556}") = "Marketplace.Users.Domain", "Users\Marketplace.Users.Domain\Marketplace.Users.Domain.csproj", "{449AF1B7-5AB9-4354-BB13-26BE91ADF155}"
EndProject
Project("{9A19103F-16F7-4668-BE54-9A1E7A4F7556}") = "Marketplace.Users.Application", "Users\Marketplace.Users.Application\Marketplace.Users.Application.csproj", "{AD2776D8-F5FB-4A30-8B2D-601ADED72891}"
EndProject
Project("{9A19103F-16F7-4668-BE54-9A1E7A4F7556}") = "Marketplace.Users.Infrastructure", "Users\Marketplace.Users.Infrastructure\Marketplace.Users.Infrastructure.csproj", "{C6837146-B108-4233-A602-7B3A3537158D}"
EndProject
Project("{2150E333-8FDC-42A3-9474-1A3956D46DE8}") = "Элементы решения", "Элементы решения", "{6C63BB80-CD26-4075-AF4E-54096D11B8FD}"
	ProjectSection(SolutionItems) = preProject
		.editorconfig = .editorconfig
	EndProjectSection
EndProject
Project("{9A19103F-16F7-4668-BE54-9A1E7A4F7556}") = "Marketplace.Common", "Common\Marketplace.Common\Marketplace.Common.csproj", "{5C06933F-419E-4433-94CC-079912898048}"
EndProject
Project("{2150E333-8FDC-42A3-9474-1A3956D46DE8}") = "Common", "Common", "{9F64F9A0-3DFC-4379-B649-E78D93DDA781}"
EndProject
Project("{9A19103F-16F7-4668-BE54-9A1E7A4F7556}") = "Marketplace.Products.Api", "Products\Marketplace.Products.Api\Marketplace.Products.Api.csproj", "{70D71AD9-96E0-49AF-8F0E-3732C29B4D18}"
EndProject
Project("{2150E333-8FDC-42A3-9474-1A3956D46DE8}") = "Products", "Products", "{83E63A85-7674-406C-8634-60F087B0DD88}"
EndProject
Project("{9A19103F-16F7-4668-BE54-9A1E7A4F7556}") = "Marketplace.Products.Application", "Products\Marketplace.Products.Application\Marketplace.Products.Application.csproj", "{9182BFA1-C6E9-487B-8A93-E8E3519BC6A3}"
EndProject
Project("{9A19103F-16F7-4668-BE54-9A1E7A4F7556}") = "Marketplace.Products.Domain", "Products\Marketplace.Products.Domain\Marketplace.Products.Domain.csproj", "{9E60D1AA-47B7-43EE-BA52-727559232367}"
EndProject
Project("{9A19103F-16F7-4668-BE54-9A1E7A4F7556}") = "Marketplace.Products.Infrastructure", "Products\Marketplace.Products.Infrastructure\Marketplace.Products.Infrastructure.csproj", "{CB9E8FE2-7FE7-475B-A61B-45C3A4439245}"
EndProject
Project("{2150E333-8FDC-42A3-9474-1A3956D46DE8}") = "Tests", "Tests", "{85D59FBD-B38E-45F7-9041-1AA286BE3845}"
EndProject
Project("{9A19103F-16F7-4668-BE54-9A1E7A4F7556}") = "Marketplace.Common.UnitTests", "Tests\Marketplace.Common.UnitTests\Marketplace.Common.UnitTests.csproj", "{3135C565-75B4-4931-9B79-6B879CC2F7E4}"
EndProject
Project("{2150E333-8FDC-42A3-9474-1A3956D46DE8}") = "Orders", "Orders", "{661368CF-348E-45DB-948F-F8047C8BD8B7}"
EndProject
Project("{9A19103F-16F7-4668-BE54-9A1E7A4F7556}") = "Marketplace.Orders.Api", "Orders\Marketplace.Orders.Api\Marketplace.Orders.Api.csproj", "{8D4B9D79-08F6-44F0-93EF-BE61AB859413}"
EndProject
Project("{9A19103F-16F7-4668-BE54-9A1E7A4F7556}") = "Marketplace.Orders.Application", "Orders\Marketplace.Orders.Application\Marketplace.Orders.Application.csproj", "{CFAAF552-27C2-495A-92E6-A5C099D07744}"
EndProject
Project("{9A19103F-16F7-4668-BE54-9A1E7A4F7556}") = "Marketplace.Orders.Domain", "Orders\Marketplace.Orders.Domain\Marketplace.Orders.Domain.csproj", "{665A801A-BF73-42A8-9DDE-E7FA93BB259A}"
EndProject
Project("{9A19103F-16F7-4668-BE54-9A1E7A4F7556}") = "Marketplace.Orders.Infrastructure", "Orders\Marketplace.Orders.Infrastructure\Marketplace.Orders.Infrastructure.csproj", "{EA887273-109D-4071-8365-38BADBA877E1}"
EndProject
Project("{FAE04EC0-301F-11D3-BF4B-00C04F79EFBC}") = "Marketplace.Orders.Proto", "Orders\Marketplace.Orders.Proto\Marketplace.Orders.Proto.csproj", "{9BF5ECDD-FFBF-47B1-91F6-B38B2EEC6158}"
EndProject
Project("{2150E333-8FDC-42A3-9474-1A3956D46DE8}") = "Delivery", "Delivery", "{8322A424-051C-4145-9900-289BAC64AEC9}"
EndProject
Project("{FAE04EC0-301F-11D3-BF4B-00C04F79EFBC}") = "Marketplace.Delivery.Api", "Delivery\Marketplace.Delivery.Api\Marketplace.Delivery.Api.csproj", "{CE416228-6957-4809-A851-46ED71F5112D}"
EndProject
Project("{FAE04EC0-301F-11D3-BF4B-00C04F79EFBC}") = "Marketplace.Delivery.Application", "Delivery\Marketplace.Delivery.Application\Marketplace.Delivery.Application.csproj", "{3AC1E4A8-3C16-435B-94B2-46EDCE0AD86F}"
EndProject
Project("{FAE04EC0-301F-11D3-BF4B-00C04F79EFBC}") = "Marketplace.Delivery.Domain", "Delivery\Marketplace.Delivery.Domain\Marketplace.Delivery.Domain.csproj", "{2CE7B407-3DB9-4B80-9016-143EC9793B8A}"
EndProject
Project("{FAE04EC0-301F-11D3-BF4B-00C04F79EFBC}") = "Marketplace.Delivery.Infrastructure", "Delivery\Marketplace.Delivery.Infrastructure\Marketplace.Delivery.Infrastructure.csproj", "{6FD1E4B9-DDDE-4739-B2E2-6188A5C39452}"
EndProject
Global
	GlobalSection(SolutionConfigurationPlatforms) = preSolution
		Debug|Any CPU = Debug|Any CPU
		Release|Any CPU = Release|Any CPU
	EndGlobalSection
	GlobalSection(ProjectConfigurationPlatforms) = postSolution
		{EA3DF4EA-FFF2-4B77-A672-07CB95C270A2}.Debug|Any CPU.ActiveCfg = Debug|Any CPU
		{EA3DF4EA-FFF2-4B77-A672-07CB95C270A2}.Debug|Any CPU.Build.0 = Debug|Any CPU
		{EA3DF4EA-FFF2-4B77-A672-07CB95C270A2}.Release|Any CPU.ActiveCfg = Release|Any CPU
		{EA3DF4EA-FFF2-4B77-A672-07CB95C270A2}.Release|Any CPU.Build.0 = Release|Any CPU
		{449AF1B7-5AB9-4354-BB13-26BE91ADF155}.Debug|Any CPU.ActiveCfg = Debug|Any CPU
		{449AF1B7-5AB9-4354-BB13-26BE91ADF155}.Debug|Any CPU.Build.0 = Debug|Any CPU
		{449AF1B7-5AB9-4354-BB13-26BE91ADF155}.Release|Any CPU.ActiveCfg = Release|Any CPU
		{449AF1B7-5AB9-4354-BB13-26BE91ADF155}.Release|Any CPU.Build.0 = Release|Any CPU
		{AD2776D8-F5FB-4A30-8B2D-601ADED72891}.Debug|Any CPU.ActiveCfg = Debug|Any CPU
		{AD2776D8-F5FB-4A30-8B2D-601ADED72891}.Debug|Any CPU.Build.0 = Debug|Any CPU
		{AD2776D8-F5FB-4A30-8B2D-601ADED72891}.Release|Any CPU.ActiveCfg = Release|Any CPU
		{AD2776D8-F5FB-4A30-8B2D-601ADED72891}.Release|Any CPU.Build.0 = Release|Any CPU
		{C6837146-B108-4233-A602-7B3A3537158D}.Debug|Any CPU.ActiveCfg = Debug|Any CPU
		{C6837146-B108-4233-A602-7B3A3537158D}.Debug|Any CPU.Build.0 = Debug|Any CPU
		{C6837146-B108-4233-A602-7B3A3537158D}.Release|Any CPU.ActiveCfg = Release|Any CPU
		{C6837146-B108-4233-A602-7B3A3537158D}.Release|Any CPU.Build.0 = Release|Any CPU
		{5C06933F-419E-4433-94CC-079912898048}.Debug|Any CPU.ActiveCfg = Debug|Any CPU
		{5C06933F-419E-4433-94CC-079912898048}.Debug|Any CPU.Build.0 = Debug|Any CPU
		{5C06933F-419E-4433-94CC-079912898048}.Release|Any CPU.ActiveCfg = Release|Any CPU
		{5C06933F-419E-4433-94CC-079912898048}.Release|Any CPU.Build.0 = Release|Any CPU
		{70D71AD9-96E0-49AF-8F0E-3732C29B4D18}.Debug|Any CPU.ActiveCfg = Debug|Any CPU
		{70D71AD9-96E0-49AF-8F0E-3732C29B4D18}.Debug|Any CPU.Build.0 = Debug|Any CPU
		{70D71AD9-96E0-49AF-8F0E-3732C29B4D18}.Release|Any CPU.ActiveCfg = Release|Any CPU
		{70D71AD9-96E0-49AF-8F0E-3732C29B4D18}.Release|Any CPU.Build.0 = Release|Any CPU
		{9182BFA1-C6E9-487B-8A93-E8E3519BC6A3}.Debug|Any CPU.ActiveCfg = Debug|Any CPU
		{9182BFA1-C6E9-487B-8A93-E8E3519BC6A3}.Debug|Any CPU.Build.0 = Debug|Any CPU
		{9182BFA1-C6E9-487B-8A93-E8E3519BC6A3}.Release|Any CPU.ActiveCfg = Release|Any CPU
		{9182BFA1-C6E9-487B-8A93-E8E3519BC6A3}.Release|Any CPU.Build.0 = Release|Any CPU
		{9E60D1AA-47B7-43EE-BA52-727559232367}.Debug|Any CPU.ActiveCfg = Debug|Any CPU
		{9E60D1AA-47B7-43EE-BA52-727559232367}.Debug|Any CPU.Build.0 = Debug|Any CPU
		{9E60D1AA-47B7-43EE-BA52-727559232367}.Release|Any CPU.ActiveCfg = Release|Any CPU
		{9E60D1AA-47B7-43EE-BA52-727559232367}.Release|Any CPU.Build.0 = Release|Any CPU
		{CB9E8FE2-7FE7-475B-A61B-45C3A4439245}.Debug|Any CPU.ActiveCfg = Debug|Any CPU
		{CB9E8FE2-7FE7-475B-A61B-45C3A4439245}.Debug|Any CPU.Build.0 = Debug|Any CPU
		{CB9E8FE2-7FE7-475B-A61B-45C3A4439245}.Release|Any CPU.ActiveCfg = Release|Any CPU
		{CB9E8FE2-7FE7-475B-A61B-45C3A4439245}.Release|Any CPU.Build.0 = Release|Any CPU
		{3135C565-75B4-4931-9B79-6B879CC2F7E4}.Debug|Any CPU.ActiveCfg = Debug|Any CPU
		{3135C565-75B4-4931-9B79-6B879CC2F7E4}.Debug|Any CPU.Build.0 = Debug|Any CPU
		{3135C565-75B4-4931-9B79-6B879CC2F7E4}.Release|Any CPU.ActiveCfg = Release|Any CPU
		{3135C565-75B4-4931-9B79-6B879CC2F7E4}.Release|Any CPU.Build.0 = Release|Any CPU
		{8D4B9D79-08F6-44F0-93EF-BE61AB859413}.Debug|Any CPU.ActiveCfg = Debug|Any CPU
		{8D4B9D79-08F6-44F0-93EF-BE61AB859413}.Debug|Any CPU.Build.0 = Debug|Any CPU
		{8D4B9D79-08F6-44F0-93EF-BE61AB859413}.Release|Any CPU.ActiveCfg = Release|Any CPU
		{8D4B9D79-08F6-44F0-93EF-BE61AB859413}.Release|Any CPU.Build.0 = Release|Any CPU
		{CFAAF552-27C2-495A-92E6-A5C099D07744}.Debug|Any CPU.ActiveCfg = Debug|Any CPU
		{CFAAF552-27C2-495A-92E6-A5C099D07744}.Debug|Any CPU.Build.0 = Debug|Any CPU
		{CFAAF552-27C2-495A-92E6-A5C099D07744}.Release|Any CPU.ActiveCfg = Release|Any CPU
		{CFAAF552-27C2-495A-92E6-A5C099D07744}.Release|Any CPU.Build.0 = Release|Any CPU
		{665A801A-BF73-42A8-9DDE-E7FA93BB259A}.Debug|Any CPU.ActiveCfg = Debug|Any CPU
		{665A801A-BF73-42A8-9DDE-E7FA93BB259A}.Debug|Any CPU.Build.0 = Debug|Any CPU
		{665A801A-BF73-42A8-9DDE-E7FA93BB259A}.Release|Any CPU.ActiveCfg = Release|Any CPU
		{665A801A-BF73-42A8-9DDE-E7FA93BB259A}.Release|Any CPU.Build.0 = Release|Any CPU
		{EA887273-109D-4071-8365-38BADBA877E1}.Debug|Any CPU.ActiveCfg = Debug|Any CPU
		{EA887273-109D-4071-8365-38BADBA877E1}.Debug|Any CPU.Build.0 = Debug|Any CPU
		{EA887273-109D-4071-8365-38BADBA877E1}.Release|Any CPU.ActiveCfg = Release|Any CPU
		{EA887273-109D-4071-8365-38BADBA877E1}.Release|Any CPU.Build.0 = Release|Any CPU
		{9BF5ECDD-FFBF-47B1-91F6-B38B2EEC6158}.Debug|Any CPU.ActiveCfg = Debug|Any CPU
		{9BF5ECDD-FFBF-47B1-91F6-B38B2EEC6158}.Debug|Any CPU.Build.0 = Debug|Any CPU
		{9BF5ECDD-FFBF-47B1-91F6-B38B2EEC6158}.Release|Any CPU.ActiveCfg = Release|Any CPU
		{9BF5ECDD-FFBF-47B1-91F6-B38B2EEC6158}.Release|Any CPU.Build.0 = Release|Any CPU
		{CE416228-6957-4809-A851-46ED71F5112D}.Debug|Any CPU.ActiveCfg = Debug|Any CPU
		{CE416228-6957-4809-A851-46ED71F5112D}.Debug|Any CPU.Build.0 = Debug|Any CPU
		{CE416228-6957-4809-A851-46ED71F5112D}.Release|Any CPU.ActiveCfg = Release|Any CPU
		{CE416228-6957-4809-A851-46ED71F5112D}.Release|Any CPU.Build.0 = Release|Any CPU
		{3AC1E4A8-3C16-435B-94B2-46EDCE0AD86F}.Debug|Any CPU.ActiveCfg = Debug|Any CPU
		{3AC1E4A8-3C16-435B-94B2-46EDCE0AD86F}.Debug|Any CPU.Build.0 = Debug|Any CPU
		{3AC1E4A8-3C16-435B-94B2-46EDCE0AD86F}.Release|Any CPU.ActiveCfg = Release|Any CPU
		{3AC1E4A8-3C16-435B-94B2-46EDCE0AD86F}.Release|Any CPU.Build.0 = Release|Any CPU
		{2CE7B407-3DB9-4B80-9016-143EC9793B8A}.Debug|Any CPU.ActiveCfg = Debug|Any CPU
		{2CE7B407-3DB9-4B80-9016-143EC9793B8A}.Debug|Any CPU.Build.0 = Debug|Any CPU
		{2CE7B407-3DB9-4B80-9016-143EC9793B8A}.Release|Any CPU.ActiveCfg = Release|Any CPU
		{2CE7B407-3DB9-4B80-9016-143EC9793B8A}.Release|Any CPU.Build.0 = Release|Any CPU
		{6FD1E4B9-DDDE-4739-B2E2-6188A5C39452}.Debug|Any CPU.ActiveCfg = Debug|Any CPU
		{6FD1E4B9-DDDE-4739-B2E2-6188A5C39452}.Debug|Any CPU.Build.0 = Debug|Any CPU
		{6FD1E4B9-DDDE-4739-B2E2-6188A5C39452}.Release|Any CPU.ActiveCfg = Release|Any CPU
		{6FD1E4B9-DDDE-4739-B2E2-6188A5C39452}.Release|Any CPU.Build.0 = Release|Any CPU
	EndGlobalSection
	GlobalSection(SolutionProperties) = preSolution
		HideSolutionNode = FALSE
	EndGlobalSection
	GlobalSection(NestedProjects) = preSolution
		{EA3DF4EA-FFF2-4B77-A672-07CB95C270A2} = {AC34FE95-55C4-477B-8359-8A69FB4F3CD4}
		{449AF1B7-5AB9-4354-BB13-26BE91ADF155} = {AC34FE95-55C4-477B-8359-8A69FB4F3CD4}
		{AD2776D8-F5FB-4A30-8B2D-601ADED72891} = {AC34FE95-55C4-477B-8359-8A69FB4F3CD4}
		{C6837146-B108-4233-A602-7B3A3537158D} = {AC34FE95-55C4-477B-8359-8A69FB4F3CD4}
		{5C06933F-419E-4433-94CC-079912898048} = {9F64F9A0-3DFC-4379-B649-E78D93DDA781}
		{70D71AD9-96E0-49AF-8F0E-3732C29B4D18} = {83E63A85-7674-406C-8634-60F087B0DD88}
		{9182BFA1-C6E9-487B-8A93-E8E3519BC6A3} = {83E63A85-7674-406C-8634-60F087B0DD88}
		{9E60D1AA-47B7-43EE-BA52-727559232367} = {83E63A85-7674-406C-8634-60F087B0DD88}
		{CB9E8FE2-7FE7-475B-A61B-45C3A4439245} = {83E63A85-7674-406C-8634-60F087B0DD88}
		{3135C565-75B4-4931-9B79-6B879CC2F7E4} = {85D59FBD-B38E-45F7-9041-1AA286BE3845}
		{8D4B9D79-08F6-44F0-93EF-BE61AB859413} = {661368CF-348E-45DB-948F-F8047C8BD8B7}
		{CFAAF552-27C2-495A-92E6-A5C099D07744} = {661368CF-348E-45DB-948F-F8047C8BD8B7}
		{665A801A-BF73-42A8-9DDE-E7FA93BB259A} = {661368CF-348E-45DB-948F-F8047C8BD8B7}
		{EA887273-109D-4071-8365-38BADBA877E1} = {661368CF-348E-45DB-948F-F8047C8BD8B7}
		{9BF5ECDD-FFBF-47B1-91F6-B38B2EEC6158} = {661368CF-348E-45DB-948F-F8047C8BD8B7}
		{CE416228-6957-4809-A851-46ED71F5112D} = {8322A424-051C-4145-9900-289BAC64AEC9}
		{3AC1E4A8-3C16-435B-94B2-46EDCE0AD86F} = {8322A424-051C-4145-9900-289BAC64AEC9}
		{2CE7B407-3DB9-4B80-9016-143EC9793B8A} = {8322A424-051C-4145-9900-289BAC64AEC9}
		{6FD1E4B9-DDDE-4739-B2E2-6188A5C39452} = {8322A424-051C-4145-9900-289BAC64AEC9}
	EndGlobalSection
	GlobalSection(ExtensibilityGlobals) = postSolution
		SolutionGuid = {E9949857-944B-44B7-A4D3-A074C27BD291}
	EndGlobalSection
EndGlobal
